// !$*UTF8*$!
{
	archiveVersion = 1;
	classes = {
	};
	objectVersion = 46;
	objects = {

/* Begin PBXBuildFile section */
		6FA9876C1E7685B400B776F7 /* main.m in Sources */ = {isa = PBXBuildFile; fileRef = 6FA9876B1E7685B400B776F7 /* main.m */; };
		6FA9876F1E7685B400B776F7 /* AppDelegate.m in Sources */ = {isa = PBXBuildFile; fileRef = 6FA9876E1E7685B400B776F7 /* AppDelegate.m */; };
		6FA987721E7685B400B776F7 /* ViewController.m in Sources */ = {isa = PBXBuildFile; fileRef = 6FA987711E7685B400B776F7 /* ViewController.m */; };
		6FA987751E7685B400B776F7 /* Main.storyboard in Resources */ = {isa = PBXBuildFile; fileRef = 6FA987731E7685B400B776F7 /* Main.storyboard */; };
		6FA987771E7685B400B776F7 /* Assets.xcassets in Resources */ = {isa = PBXBuildFile; fileRef = 6FA987761E7685B400B776F7 /* Assets.xcassets */; };
		6FA9877A1E7685B400B776F7 /* LaunchScreen.storyboard in Resources */ = {isa = PBXBuildFile; fileRef = 6FA987781E7685B400B776F7 /* LaunchScreen.storyboard */; };
		6FA987851E7685B400B776F7 /* runtime_exchangeMethodTests.m in Sources */ = {isa = PBXBuildFile; fileRef = 6FA987841E7685B400B776F7 /* runtime_exchangeMethodTests.m */; };
		6FA987901E7685B400B776F7 /* runtime_exchangeMethodUITests.m in Sources */ = {isa = PBXBuildFile; fileRef = 6FA9878F1E7685B400B776F7 /* runtime_exchangeMethodUITests.m */; };
		6FA9879F1E768DBC00B776F7 /* NSString+ExchangeMethod.m in Sources */ = {isa = PBXBuildFile; fileRef = 6FA9879E1E768DBC00B776F7 /* NSString+ExchangeMethod.m */; };
/* End PBXBuildFile section */

/* Begin PBXContainerItemProxy section */
		6FA987811E7685B400B776F7 /* PBXContainerItemProxy */ = {
			isa = PBXContainerItemProxy;
			containerPortal = 6FA9875F1E7685B400B776F7 /* Project object */;
			proxyType = 1;
			remoteGlobalIDString = 6FA987661E7685B400B776F7;
			remoteInfo = runtime_exchangeMethod;
		};
		6FA9878C1E7685B400B776F7 /* PBXContainerItemProxy */ = {
			isa = PBXContainerItemProxy;
			containerPortal = 6FA9875F1E7685B400B776F7 /* Project object */;
			proxyType = 1;
			remoteGlobalIDString = 6FA987661E7685B400B776F7;
			remoteInfo = runtime_exchangeMethod;
		};
/* End PBXContainerItemProxy section */

/* Begin PBXFileReference section */
		6FA987671E7685B400B776F7 /* runtime_exchangeMethod.app */ = {isa = PBXFileReference; explicitFileType = wrapper.application; includeInIndex = 0; path = runtime_exchangeMethod.app; sourceTree = BUILT_PRODUCTS_DIR; };
		6FA9876B1E7685B400B776F7 /* main.m */ = {isa = PBXFileReference; lastKnownFileType = sourcecode.c.objc; path = main.m; sourceTree = "<group>"; };
		6FA9876D1E7685B400B776F7 /* AppDelegate.h */ = {isa = PBXFileReference; lastKnownFileType = sourcecode.c.h; path = AppDelegate.h; sourceTree = "<group>"; };
		6FA9876E1E7685B400B776F7 /* AppDelegate.m */ = {isa = PBXFileReference; lastKnownFileType = sourcecode.c.objc; path = AppDelegate.m; sourceTree = "<group>"; };
		6FA987701E7685B400B776F7 /* ViewController.h */ = {isa = PBXFileReference; lastKnownFileType = sourcecode.c.h; path = ViewController.h; sourceTree = "<group>"; };
		6FA987711E7685B400B776F7 /* ViewController.m */ = {isa = PBXFileReference; lastKnownFileType = sourcecode.c.objc; path = ViewController.m; sourceTree = "<group>"; };
		6FA987741E7685B400B776F7 /* Base */ = {isa = PBXFileReference; lastKnownFileType = file.storyboard; name = Base; path = Base.lproj/Main.storyboard; sourceTree = "<group>"; };
		6FA987761E7685B400B776F7 /* Assets.xcassets */ = {isa = PBXFileReference; lastKnownFileType = folder.assetcatalog; path = Assets.xcassets; sourceTree = "<group>"; };
		6FA987791E7685B400B776F7 /* Base */ = {isa = PBXFileReference; lastKnownFileType = file.storyboard; name = Base; path = Base.lproj/LaunchScreen.storyboard; sourceTree = "<group>"; };
		6FA9877B1E7685B400B776F7 /* Info.plist */ = {isa = PBXFileReference; lastKnownFileType = text.plist.xml; path = Info.plist; sourceTree = "<group>"; };
		6FA987801E7685B400B776F7 /* runtime_exchangeMethodTests.xctest */ = {isa = PBXFileReference; explicitFileType = wrapper.cfbundle; includeInIndex = 0; path = runtime_exchangeMethodTests.xctest; sourceTree = BUILT_PRODUCTS_DIR; };
		6FA987841E7685B400B776F7 /* runtime_exchangeMethodTests.m */ = {isa = PBXFileReference; lastKnownFileType = sourcecode.c.objc; path = runtime_exchangeMethodTests.m; sourceTree = "<group>"; };
		6FA987861E7685B400B776F7 /* Info.plist */ = {isa = PBXFileReference; lastKnownFileType = text.plist.xml; path = Info.plist; sourceTree = "<group>"; };
		6FA9878B1E7685B400B776F7 /* runtime_exchangeMethodUITests.xctest */ = {isa = PBXFileReference; explicitFileType = wrapper.cfbundle; includeInIndex = 0; path = runtime_exchangeMethodUITests.xctest; sourceTree = BUILT_PRODUCTS_DIR; };
		6FA9878F1E7685B400B776F7 /* runtime_exchangeMethodUITests.m */ = {isa = PBXFileReference; lastKnownFileType = sourcecode.c.objc; path = runtime_exchangeMethodUITests.m; sourceTree = "<group>"; };
		6FA987911E7685B400B776F7 /* Info.plist */ = {isa = PBXFileReference; lastKnownFileType = text.plist.xml; path = Info.plist; sourceTree = "<group>"; };
		6FA9879D1E768DBC00B776F7 /* NSString+ExchangeMethod.h */ = {isa = PBXFileReference; fileEncoding = 4; lastKnownFileType = sourcecode.c.h; path = "NSString+ExchangeMethod.h"; sourceTree = "<group>"; };
		6FA9879E1E768DBC00B776F7 /* NSString+ExchangeMethod.m */ = {isa = PBXFileReference; fileEncoding = 4; lastKnownFileType = sourcecode.c.objc; path = "NSString+ExchangeMethod.m"; sourceTree = "<group>"; };
/* End PBXFileReference section */

/* Begin PBXFrameworksBuildPhase section */
		6FA987641E7685B400B776F7 /* Frameworks */ = {
			isa = PBXFrameworksBuildPhase;
			buildActionMask = 2147483647;
			files = (
			);
			runOnlyForDeploymentPostprocessing = 0;
		};
		6FA9877D1E7685B400B776F7 /* Frameworks */ = {
			isa = PBXFrameworksBuildPhase;
			buildActionMask = 2147483647;
			files = (
			);
			runOnlyForDeploymentPostprocessing = 0;
		};
		6FA987881E7685B400B776F7 /* Frameworks */ = {
			isa = PBXFrameworksBuildPhase;
			buildActionMask = 2147483647;
			files = (
			);
			runOnlyForDeploymentPostprocessing = 0;
		};
/* End PBXFrameworksBuildPhase section */

/* Begin PBXGroup section */
		6FA9875E1E7685B400B776F7 = {
			isa = PBXGroup;
			children = (
				6FA987691E7685B400B776F7 /* runtime_exchangeMethod */,
				6FA987831E7685B400B776F7 /* runtime_exchangeMethodTests */,
				6FA9878E1E7685B400B776F7 /* runtime_exchangeMethodUITests */,
				6FA987681E7685B400B776F7 /* Products */,
			);
			sourceTree = "<group>";
		};
		6FA987681E7685B400B776F7 /* Products */ = {
			isa = PBXGroup;
			children = (
				6FA987671E7685B400B776F7 /* runtime_exchangeMethod.app */,
				6FA987801E7685B400B776F7 /* runtime_exchangeMethodTests.xctest */,
				6FA9878B1E7685B400B776F7 /* runtime_exchangeMethodUITests.xctest */,
			);
			name = Products;
			sourceTree = "<group>";
		};
		6FA987691E7685B400B776F7 /* runtime_exchangeMethod */ = {
			isa = PBXGroup;
			children = (
				6FA9876D1E7685B400B776F7 /* AppDelegate.h */,
				6FA9876E1E7685B400B776F7 /* AppDelegate.m */,
				6FA987701E7685B400B776F7 /* ViewController.h */,
				6FA987711E7685B400B776F7 /* ViewController.m */,
				6FA987731E7685B400B776F7 /* Main.storyboard */,
				6FA987761E7685B400B776F7 /* Assets.xcassets */,
				6FA987781E7685B400B776F7 /* LaunchScreen.storyboard */,
				6FA9877B1E7685B400B776F7 /* Info.plist */,
				6FA9876A1E7685B400B776F7 /* Supporting Files */,
				6FA9879D1E768DBC00B776F7 /* NSString+ExchangeMethod.h */,
				6FA9879E1E768DBC00B776F7 /* NSString+ExchangeMethod.m */,
			);
			path = runtime_exchangeMethod;
			sourceTree = "<group>";
		};
		6FA9876A1E7685B400B776F7 /* Supporting Files */ = {
			isa = PBXGroup;
			children = (
				6FA9876B1E7685B400B776F7 /* main.m */,
			);
			name = "Supporting Files";
			sourceTree = "<group>";
		};
		6FA987831E7685B400B776F7 /* runtime_exchangeMethodTests */ = {
			isa = PBXGroup;
			children = (
				6FA987841E7685B400B776F7 /* runtime_exchangeMethodTests.m */,
				6FA987861E7685B400B776F7 /* Info.plist */,
			);
			path = runtime_exchangeMethodTests;
			sourceTree = "<group>";
		};
		6FA9878E1E7685B400B776F7 /* runtime_exchangeMethodUITests */ = {
			isa = PBXGroup;
			children = (
				6FA9878F1E7685B400B776F7 /* runtime_exchangeMethodUITests.m */,
				6FA987911E7685B400B776F7 /* Info.plist */,
			);
			path = runtime_exchangeMethodUITests;
			sourceTree = "<group>";
		};
/* End PBXGroup section */

/* Begin PBXNativeTarget section */
		6FA987661E7685B400B776F7 /* runtime_exchangeMethod */ = {
			isa = PBXNativeTarget;
			buildConfigurationList = 6FA987941E7685B400B776F7 /* Build configuration list for PBXNativeTarget "runtime_exchangeMethod" */;
			buildPhases = (
				6FA987631E7685B400B776F7 /* Sources */,
				6FA987641E7685B400B776F7 /* Frameworks */,
				6FA987651E7685B400B776F7 /* Resources */,
			);
			buildRules = (
			);
			dependencies = (
			);
			name = runtime_exchangeMethod;
			productName = runtime_exchangeMethod;
			productReference = 6FA987671E7685B400B776F7 /* runtime_exchangeMethod.app */;
			productType = "com.apple.product-type.application";
		};
		6FA9877F1E7685B400B776F7 /* runtime_exchangeMethodTests */ = {
			isa = PBXNativeTarget;
			buildConfigurationList = 6FA987971E7685B400B776F7 /* Build configuration list for PBXNativeTarget "runtime_exchangeMethodTests" */;
			buildPhases = (
				6FA9877C1E7685B400B776F7 /* Sources */,
				6FA9877D1E7685B400B776F7 /* Frameworks */,
				6FA9877E1E7685B400B776F7 /* Resources */,
			);
			buildRules = (
			);
			dependencies = (
				6FA987821E7685B400B776F7 /* PBXTargetDependency */,
			);
			name = runtime_exchangeMethodTests;
			productName = runtime_exchangeMethodTests;
			productReference = 6FA987801E7685B400B776F7 /* runtime_exchangeMethodTests.xctest */;
			productType = "com.apple.product-type.bundle.unit-test";
		};
		6FA9878A1E7685B400B776F7 /* runtime_exchangeMethodUITests */ = {
			isa = PBXNativeTarget;
			buildConfigurationList = 6FA9879A1E7685B400B776F7 /* Build configuration list for PBXNativeTarget "runtime_exchangeMethodUITests" */;
			buildPhases = (
				6FA987871E7685B400B776F7 /* Sources */,
				6FA987881E7685B400B776F7 /* Frameworks */,
				6FA987891E7685B400B776F7 /* Resources */,
			);
			buildRules = (
			);
			dependencies = (
				6FA9878D1E7685B400B776F7 /* PBXTargetDependency */,
			);
			name = runtime_exchangeMethodUITests;
			productName = runtime_exchangeMethodUITests;
			productReference = 6FA9878B1E7685B400B776F7 /* runtime_exchangeMethodUITests.xctest */;
			productType = "com.apple.product-type.bundle.ui-testing";
		};
/* End PBXNativeTarget section */

/* Begin PBXProject section */
		6FA9875F1E7685B400B776F7 /* Project object */ = {
			isa = PBXProject;
			attributes = {
				LastUpgradeCheck = 0820;
				ORGANIZATIONNAME = sjx;
				TargetAttributes = {
					6FA987661E7685B400B776F7 = {
						CreatedOnToolsVersion = 8.2.1;
						DevelopmentTeam = 5XS2GHE2MA;
						ProvisioningStyle = Automatic;
					};
					6FA9877F1E7685B400B776F7 = {
						CreatedOnToolsVersion = 8.2.1;
						DevelopmentTeam = 5XS2GHE2MA;
						ProvisioningStyle = Automatic;
						TestTargetID = 6FA987661E7685B400B776F7;
					};
					6FA9878A1E7685B400B776F7 = {
						CreatedOnToolsVersion = 8.2.1;
						DevelopmentTeam = 5XS2GHE2MA;
						ProvisioningStyle = Automatic;
						TestTargetID = 6FA987661E7685B400B776F7;
					};
				};
			};
			buildConfigurationList = 6FA987621E7685B400B776F7 /* Build configuration list for PBXProject "runtime_exchangeMethod" */;
			compatibilityVersion = "Xcode 3.2";
			developmentRegion = English;
			hasScannedForEncodings = 0;
			knownRegions = (
				en,
				Base,
			);
			mainGroup = 6FA9875E1E7685B400B776F7;
			productRefGroup = 6FA987681E7685B400B776F7 /* Products */;
			projectDirPath = "";
			projectRoot = "";
			targets = (
				6FA987661E7685B400B776F7 /* runtime_exchangeMethod */,
				6FA9877F1E7685B400B776F7 /* runtime_exchangeMethodTests */,
				6FA9878A1E7685B400B776F7 /* runtime_exchangeMethodUITests */,
			);
		};
/* End PBXProject section */

/* Begin PBXResourcesBuildPhase section */
		6FA987651E7685B400B776F7 /* Resources */ = {
			isa = PBXResourcesBuildPhase;
			buildActionMask = 2147483647;
			files = (
				6FA9877A1E7685B400B776F7 /* LaunchScreen.storyboard in Resources */,
				6FA987771E7685B400B776F7 /* Assets.xcassets in Resources */,
				6FA987751E7685B400B776F7 /* Main.storyboard in Resources */,
			);
			runOnlyForDeploymentPostprocessing = 0;
		};
		6FA9877E1E7685B400B776F7 /* Resources */ = {
			isa = PBXResourcesBuildPhase;
			buildActionMask = 2147483647;
			files = (
			);
			runOnlyForDeploymentPostprocessing = 0;
		};
		6FA987891E7685B400B776F7 /* Resources */ = {
			isa = PBXResourcesBuildPhase;
			buildActionMask = 2147483647;
			files = (
			);
			runOnlyForDeploymentPostprocessing = 0;
		};
/* End PBXResourcesBuildPhase section */

/* Begin PBXSourcesBuildPhase section */
		6FA987631E7685B400B776F7 /* Sources */ = {
			isa = PBXSourcesBuildPhase;
			buildActionMask = 2147483647;
			files = (
				6FA987721E7685B400B776F7 /* ViewController.m in Sources */,
				6FA9876F1E7685B400B776F7 /* AppDelegate.m in Sources */,
				6FA9876C1E7685B400B776F7 /* main.m in Sources */,
				6FA9879F1E768DBC00B776F7 /* NSString+ExchangeMethod.m in Sources */,
			);
			runOnlyForDeploymentPostprocessing = 0;
		};
		6FA9877C1E7685B400B776F7 /* Sources */ = {
			isa = PBXSourcesBuildPhase;
			buildActionMask = 2147483647;
			files = (
				6FA987851E7685B400B776F7 /* runtime_exchangeMethodTests.m in Sources */,
			);
			runOnlyForDeploymentPostprocessing = 0;
		};
		6FA987871E7685B400B776F7 /* Sources */ = {
			isa = PBXSourcesBuildPhase;
			buildActionMask = 2147483647;
			files = (
				6FA987901E7685B400B776F7 /* runtime_exchangeMethodUITests.m in Sources */,
			);
			runOnlyForDeploymentPostprocessing = 0;
		};
/* End PBXSourcesBuildPhase section */

/* Begin PBXTargetDependency section */
		6FA987821E7685B400B776F7 /* PBXTargetDependency */ = {
			isa = PBXTargetDependency;
			target = 6FA987661E7685B400B776F7 /* runtime_exchangeMethod */;
			targetProxy = 6FA987811E7685B400B776F7 /* PBXContainerItemProxy */;
		};
		6FA9878D1E7685B400B776F7 /* PBXTargetDependency */ = {
			isa = PBXTargetDependency;
			target = 6FA987661E7685B400B776F7 /* runtime_exchangeMethod */;
			targetProxy = 6FA9878C1E7685B400B776F7 /* PBXContainerItemProxy */;
		};
/* End PBXTargetDependency section */

/* Begin PBXVariantGroup section */
		6FA987731E7685B400B776F7 /* Main.storyboard */ = {
			isa = PBXVariantGroup;
			children = (
				6FA987741E7685B400B776F7 /* Base */,
			);
			name = Main.storyboard;
			sourceTree = "<group>";
		};
		6FA987781E7685B400B776F7 /* LaunchScreen.storyboard */ = {
			isa = PBXVariantGroup;
			children = (
				6FA987791E7685B400B776F7 /* Base */,
			);
			name = LaunchScreen.storyboard;
			sourceTree = "<group>";
		};
/* End PBXVariantGroup section */

/* Begin XCBuildConfiguration section */
		6FA987921E7685B400B776F7 /* Debug */ = {
			isa = XCBuildConfiguration;
			buildSettings = {
				ALWAYS_SEARCH_USER_PATHS = NO;
				CLANG_ANALYZER_NONNULL = YES;
				CLANG_CXX_LANGUAGE_STANDARD = "gnu++0x";
				CLANG_CXX_LIBRARY = "libc++";
				CLANG_ENABLE_MODULES = YES;
				CLANG_ENABLE_OBJC_ARC = YES;
				CLANG_WARN_BOOL_CONVERSION = YES;
				CLANG_WARN_CONSTANT_CONVERSION = YES;
				CLANG_WARN_DIRECT_OBJC_ISA_USAGE = YES_ERROR;
				CLANG_WARN_DOCUMENTATION_COMMENTS = YES;
				CLANG_WARN_EMPTY_BODY = YES;
				CLANG_WARN_ENUM_CONVERSION = YES;
				CLANG_WARN_INFINITE_RECURSION = YES;
				CLANG_WARN_INT_CONVERSION = YES;
				CLANG_WARN_OBJC_ROOT_CLASS = YES_ERROR;
				CLANG_WARN_SUSPICIOUS_MOVE = YES;
				CLANG_WARN_UNREACHABLE_CODE = YES;
				CLANG_WARN__DUPLICATE_METHOD_MATCH = YES;
				"CODE_SIGN_IDENTITY[sdk=iphoneos*]" = "iPhone Developer";
				COPY_PHASE_STRIP = NO;
				DEBUG_INFORMATION_FORMAT = dwarf;
				ENABLE_STRICT_OBJC_MSGSEND = YES;
				ENABLE_TESTABILITY = YES;
				GCC_C_LANGUAGE_STANDARD = gnu99;
				GCC_DYNAMIC_NO_PIC = NO;
				GCC_NO_COMMON_BLOCKS = YES;
				GCC_OPTIMIZATION_LEVEL = 0;
				GCC_PREPROCESSOR_DEFINITIONS = (
					"DEBUG=1",
					"$(inherited)",
				);
				GCC_WARN_64_TO_32_BIT_CONVERSION = YES;
				GCC_WARN_ABOUT_RETURN_TYPE = YES_ERROR;
				GCC_WARN_UNDECLARED_SELECTOR = YES;
				GCC_WARN_UNINITIALIZED_AUTOS = YES_AGGRESSIVE;
				GCC_WARN_UNUSED_FUNCTION = YES;
				GCC_WARN_UNUSED_VARIABLE = YES;
				IPHONEOS_DEPLOYMENT_TARGET = 10.2;
				MTL_ENABLE_DEBUG_INFO = YES;
				ONLY_ACTIVE_ARCH = YES;
				SDKROOT = iphoneos;
			};
			name = Debug;
		};
		6FA987931E7685B400B776F7 /* Release */ = {
			isa = XCBuildConfiguration;
			buildSettings = {
				ALWAYS_SEARCH_USER_PATHS = NO;
				CLANG_ANALYZER_NONNULL = YES;
				CLANG_CXX_LANGUAGE_STANDARD = "gnu++0x";
				CLANG_CXX_LIBRARY = "libc++";
				CLANG_ENABLE_MODULES = YES;
				CLANG_ENABLE_OBJC_ARC = YES;
				CLANG_WARN_BOOL_CONVERSION = YES;
				CLANG_WARN_CONSTANT_CONVERSION = YES;
				CLANG_WARN_DIRECT_OBJC_ISA_USAGE = YES_ERROR;
				CLANG_WARN_DOCUMENTATION_COMMENTS = YES;
				CLANG_WARN_EMPTY_BODY = YES;
				CLANG_WARN_ENUM_CONVERSION = YES;
				CLANG_WARN_INFINITE_RECURSION = YES;
				CLANG_WARN_INT_CONVERSION = YES;
				CLANG_WARN_OBJC_ROOT_CLASS = YES_ERROR;
				CLANG_WARN_SUSPICIOUS_MOVE = YES;
				CLANG_WARN_UNREACHABLE_CODE = YES;
				CLANG_WARN__DUPLICATE_METHOD_MATCH = YES;
				"CODE_SIGN_IDENTITY[sdk=iphoneos*]" = "iPhone Developer";
				COPY_PHASE_STRIP = NO;
				DEBUG_INFORMATION_FORMAT = "dwarf-with-dsym";
				ENABLE_NS_ASSERTIONS = NO;
				ENABLE_STRICT_OBJC_MSGSEND = YES;
				GCC_C_LANGUAGE_STANDARD = gnu99;
				GCC_NO_COMMON_BLOCKS = YES;
				GCC_WARN_64_TO_32_BIT_CONVERSION = YES;
				GCC_WARN_ABOUT_RETURN_TYPE = YES_ERROR;
				GCC_WARN_UNDECLARED_SELECTOR = YES;
				GCC_WARN_UNINITIALIZED_AUTOS = YES_AGGRESSIVE;
				GCC_WARN_UNUSED_FUNCTION = YES;
				GCC_WARN_UNUSED_VARIABLE = YES;
				IPHONEOS_DEPLOYMENT_TARGET = 10.2;
				MTL_ENABLE_DEBUG_INFO = NO;
				SDKROOT = iphoneos;
				VALIDATE_PRODUCT = YES;
			};
			name = Release;
		};
		6FA987951E7685B400B776F7 /* Debug */ = {
			isa = XCBuildConfiguration;
			buildSettings = {
				ASSETCATALOG_COMPILER_APPICON_NAME = AppIcon;
				DEVELOPMENT_TEAM = 5XS2GHE2MA;
				INFOPLIST_FILE = runtime_exchangeMethod/Info.plist;
				LD_RUNPATH_SEARCH_PATHS = "$(inherited) @executable_path/Frameworks";
				PRODUCT_BUNDLE_IDENTIFIER = "com.runtime-exchangeMethod";
				PRODUCT_NAME = "$(TARGET_NAME)";
			};
			name = Debug;
		};
		6FA987961E7685B400B776F7 /* Release */ = {
			isa = XCBuildConfiguration;
			buildSettings = {
				ASSETCATALOG_COMPILER_APPICON_NAME = AppIcon;
				DEVELOPMENT_TEAM = 5XS2GHE2MA;
				INFOPLIST_FILE = runtime_exchangeMethod/Info.plist;
				LD_RUNPATH_SEARCH_PATHS = "$(inherited) @executable_path/Frameworks";
				PRODUCT_BUNDLE_IDENTIFIER = "com.runtime-exchangeMethod";
				PRODUCT_NAME = "$(TARGET_NAME)";
			};
			name = Release;
		};
		6FA987981E7685B400B776F7 /* Debug */ = {
			isa = XCBuildConfiguration;
			buildSettings = {
				BUNDLE_LOADER = "$(TEST_HOST)";
				DEVELOPMENT_TEAM = 5XS2GHE2MA;
				INFOPLIST_FILE = runtime_exchangeMethodTests/Info.plist;
				LD_RUNPATH_SEARCH_PATHS = "$(inherited) @executable_path/Frameworks @loader_path/Frameworks";
				PRODUCT_BUNDLE_IDENTIFIER = "com.runtime-exchangeMethodTests";
				PRODUCT_NAME = "$(TARGET_NAME)";
				TEST_HOST = "$(BUILT_PRODUCTS_DIR)/runtime_exchangeMethod.app/runtime_exchangeMethod";
			};
			name = Debug;
		};
		6FA987991E7685B400B776F7 /* Release */ = {
			isa = XCBuildConfiguration;
			buildSettings = {
				BUNDLE_LOADER = "$(TEST_HOST)";
				DEVELOPMENT_TEAM = 5XS2GHE2MA;
				INFOPLIST_FILE = runtime_exchangeMethodTests/Info.plist;
				LD_RUNPATH_SEARCH_PATHS = "$(inherited) @executable_path/Frameworks @loader_path/Frameworks";
				PRODUCT_BUNDLE_IDENTIFIER = "com.runtime-exchangeMethodTests";
				PRODUCT_NAME = "$(TARGET_NAME)";
				TEST_HOST = "$(BUILT_PRODUCTS_DIR)/runtime_exchangeMethod.app/runtime_exchangeMethod";
			};
			name = Release;
		};
		6FA9879B1E7685B400B776F7 /* Debug */ = {
			isa = XCBuildConfiguration;
			buildSettings = {
				DEVELOPMENT_TEAM = 5XS2GHE2MA;
				INFOPLIST_FILE = runtime_exchangeMethodUITests/Info.plist;
				LD_RUNPATH_SEARCH_PATHS = "$(inherited) @executable_path/Frameworks @loader_path/Frameworks";
				PRODUCT_BUNDLE_IDENTIFIER = "com.runtime-exchangeMethodUITests";
				PRODUCT_NAME = "$(TARGET_NAME)";
				TEST_TARGET_NAME = runtime_exchangeMethod;
			};
			name = Debug;
		};
		6FA9879C1E7685B400B776F7 /* Release */ = {
			isa = XCBuildConfiguration;
			buildSettings = {
				DEVELOPMENT_TEAM = 5XS2GHE2MA;
				INFOPLIST_FILE = runtime_exchangeMethodUITests/Info.plist;
				LD_RUNPATH_SEARCH_PATHS = "$(inherited) @executable_path/Frameworks @loader_path/Frameworks";
				PRODUCT_BUNDLE_IDENTIFIER = "com.runtime-exchangeMethodUITests";
				PRODUCT_NAME = "$(TARGET_NAME)";
				TEST_TARGET_NAME = runtime_exchangeMethod;
			};
			name = Release;
		};
/* End XCBuildConfiguration section */

/* Begin XCConfigurationList section */
		6FA987621E7685B400B776F7 /* Build configuration list for PBXProject "runtime_exchangeMethod" */ = {
			isa = XCConfigurationList;
			buildConfigurations = (
				6FA987921E7685B400B776F7 /* Debug */,
				6FA987931E7685B400B776F7 /* Release */,
			);
			defaultConfigurationIsVisible = 0;
			defaultConfigurationName = Release;
		};
		6FA987941E7685B400B776F7 /* Build configuration list for PBXNativeTarget "runtime_exchangeMethod" */ = {
			isa = XCConfigurationList;
			buildConfigurations = (
				6FA987951E7685B400B776F7 /* Debug */,
				6FA987961E7685B400B776F7 /* Release */,
			);
			defaultConfigurationIsVisible = 0;
		};
		6FA987971E7685B400B776F7 /* Build configuration list for PBXNativeTarget "runtime_exchangeMethodTests" */ = {
			isa = XCConfigurationList;
			buildConfigurations = (
				6FA987981E7685B400B776F7 /* Debug */,
				6FA987991E7685B400B776F7 /* Release */,
			);
			defaultConfigurationIsVisible = 0;
		};
		6FA9879A1E7685B400B776F7 /* Build configuration list for PBXNativeTarget "runtime_exchangeMethodUITests" */ = {
			isa = XCConfigurationList;
			buildConfigurations = (
				6FA9879B1E7685B400B776F7 /* Debug */,
				6FA9879C1E7685B400B776F7 /* Release */,
			);
			defaultConfigurationIsVisible = 0;
		};
/* End XCConfigurationList section */
	};
	rootObject = 6FA9875F1E7685B400B776F7 /* Project object */;
}
